
Microsoft Visual Studio Solution File, Format Version 12.00
# Visual Studio Version 16
VisualStudioVersion = 16.0.29102.190
MinimumVisualStudioVersion = 10.0.40219.1
Project("{FAE04EC0-301F-11D3-BF4B-00C04F79EFBC}") = "Lolighter", "Lolighter\Lolighter.csproj", "{D0E2980A-87EF-431A-B92B-BACB20B70099}"
EndProject
Global
	GlobalSection(SolutionConfigurationPlatforms) = preSolution
		Debug|Any CPU = Debug|Any CPU
		Release|Any CPU = Release|Any CPU
	EndGlobalSection
	GlobalSection(ProjectConfigurationPlatforms) = postSolution
		{D0E2980A-87EF-431A-B92B-BACB20B70099}.Debug|Any CPU.ActiveCfg = Debug|Any CPU
		{D0E2980A-87EF-431A-B92B-BACB20B70099}.Debug|Any CPU.Build.0 = Debug|Any CPU
		{D0E2980A-87EF-431A-B92B-BACB20B70099}.Release|Any CPU.ActiveCfg = Release|Any CPU
		{D0E2980A-87EF-431A-B92B-BACB20B70099}.Release|Any CPU.Build.0 = Release|Any CPU
	EndGlobalSection
	GlobalSection(SolutionProperties) = preSolution
		HideSolutionNode = FALSE
	EndGlobalSection
	GlobalSection(ExtensibilityGlobals) = postSolution
		SolutionGuid = {685A801B-EF26-46AA-A8AC-CC5E071DA3AC}
	EndGlobalSection
EndGlobal
